{
  "name": "animated-happiness-edgeone-image-uploader",
  "version": "1.0.0",
  "lockfileVersion": 3,
  "requires": true,
  "packages": {
    "": {
      "name": "animated-happiness-edgeone-image-uploader",
      "version": "1.0.0",
      "dependencies": {
        "@edgeone/pages-blob": "^0.0.16"
      },
      "devDependencies": {
        "bun-types": "latest"
      }
    },
    "node_modules/@edgeone/pages-blob": {
      "version": "0.0.16",
      "resolved": "https://registry.npmjs.org/@edgeone/pages-blob/-/pages-blob-0.0.16.tgz",
      "integrity": "sha512-Qk3SHTSvCF7awlKsG5t45FolHd8kVH44yJKeXM21qNq8A1I1mTGUuQWa+j4shwuBdgQTvRHTFBbQxAvKqiR22A==",
      "license": "MIT",
      "engines": {
        "node": ">=18.0.0"
      }
    },
    "node_modules/@types/node": {
      "version": "26.4.0",
      "resolved": "https://registry.npmjs.org/@types/node/-/node-26.4.0.tgz",
      "integrity": "sha512-faiGnoIrLH/V8cibOMEAZ8pMw6oXqSukl29ra4mN8GdaB2ZewzeaLj+INpV5N+Z1eKWzY+IzaIZH2EIR6YZRNQ==",
      "dev": true,
      "license": "MIT",
      "dependencies": {
        "undici-types": "~8.3.0"
      }
    },
    "node_modules/bun-types": {
      "version": "1.4.0",
      "resolved": "https://registry.npmjs.org/bun-types/-/bun-types-1.4.0.tgz",
      "integrity": "sha512-iIKw23BspnQQYd3prITOBxeUsxBHnwzX6YJfGMuNOZzeNcMmVqzIIVGRm1l69ogaPQmb4wB6BN8mA5bE9YuC5Q==",
      "dev": true,
      "license": "MIT",
      "dependencies": {
        "@types/node": "*"
      }
    },
    "node_modules/undici-types": {
      "version": "8.3.0",
      "resolved": "https://registry.npmjs.org/undici-types/-/undici-types-8.3.0.tgz",
      "integrity": "sha512-j375ScV60dom+YkPFIfTLcOiPxkN/buHz5GobjLhixFuANaNs3C9l4GmrWqejgXWJ7BbJcFYpTEUkS1Ge8bpZQ==",
      "dev": true,
      "license": "MIT"
    }
  }
}
